
Microsoft Visual Studio Solution File, Format Version 12.00
# Visual Studio Version 17
VisualStudioVersion = 17.13.35931.197 d17.13
MinimumVisualStudioVersion = 10.0.40219.1
Project("{FAE04EC0-301F-11D3-BF4B-00C04F79EFBC}") = "SchoolNET", "SchoolNET\SchoolNET.csproj", "{AD563D1D-77FA-4A89-B277-B891EF7174D9}"
EndProject
Global
	GlobalSection(SolutionConfigurationPlatforms) = preSolution
		Debug|Any CPU = Debug|Any CPU
		Release|Any CPU = Release|Any CPU
	EndGlobalSection
	GlobalSection(ProjectConfigurationPlatforms) = postSolution
		{AD563D1D-77FA-4A89-B277-B891EF7174D9}.Debug|Any CPU.ActiveCfg = Debug|Any CPU
		{AD563D1D-77FA-4A89-B277-B891EF7174D9}.Debug|Any CPU.Build.0 = Debug|Any CPU
		{AD563D1D-77FA-4A89-B277-B891EF7174D9}.Release|Any CPU.ActiveCfg = Release|Any CPU
		{AD563D1D-77FA-4A89-B277-B891EF7174D9}.Release|Any CPU.Build.0 = Release|Any CPU
	EndGlobalSection
	GlobalSection(SolutionProperties) = preSolution
		HideSolutionNode = FALSE
	EndGlobalSection
	GlobalSection(ExtensibilityGlobals) = postSolution
		SolutionGuid = {CB189A12-8EBA-4B7A-9264-98038F4D2563}
	EndGlobalSection
EndGlobal
